// !$*UTF8*$!
{
	archiveVersion = 1;
	classes = {
	};
	objectVersion = 55;
	objects = {

/* Begin PBXBuildFile section */
		A4357F8227D78EBF0014F247 /* testActorApp.swift in Sources */ = {isa = PBXBuildFile; fileRef = A4357F8127D78EBF0014F247 /* testActorApp.swift */; };
		A4357F8427D78EBF0014F247 /* ContentView.swift in Sources */ = {isa = PBXBuildFile; fileRef = A4357F8327D78EBF0014F247 /* ContentView.swift */; };
		A4357F8627D78EBF0014F247 /* Assets.xcassets in Resources */ = {isa = PBXBuildFile; fileRef = A4357F8527D78EBF0014F247 /* Assets.xcassets */; };
		A4357F8927D78EBF0014F247 /* Preview Assets.xcassets in Resources */ = {isa = PBXBuildFile; fileRef = A4357F8827D78EBF0014F247 /* Preview Assets.xcassets */; };
		A4357F9327D78EBF0014F247 /* testActorTests.swift in Sources */ = {isa = PBXBuildFile; fileRef = A4357F9227D78EBF0014F247 /* testActorTests.swift */; };
		A4357F9D27D78EBF0014F247 /* testActorUITests.swift in Sources */ = {isa = PBXBuildFile; fileRef = A4357F9C27D78EBF0014F247 /* testActorUITests.swift */; };
		A4357F9F27D78EBF0014F247 /* testActorUITestsLaunchTests.swift in Sources */ = {isa = PBXBuildFile; fileRef = A4357F9E27D78EBF0014F247 /* testActorUITestsLaunchTests.swift */; };
		A4357FAC27D7942C0014F247 /* ViewModel.swift in Sources */ = {isa = PBXBuildFile; fileRef = A4357FAB27D7942C0014F247 /* ViewModel.swift */; };
/* End PBXBuildFile section */

/* Begin PBXContainerItemProxy section */
		A4357F8F27D78EBF0014F247 /* PBXContainerItemProxy */ = {
			isa = PBXContainerItemProxy;
			containerPortal = A4357F7627D78EBF0014F247 /* Project object */;
			proxyType = 1;
			remoteGlobalIDString = A4357F7D27D78EBF0014F247;
			remoteInfo = testActor;
		};
		A4357F9927D78EBF0014F247 /* PBXContainerItemProxy */ = {
			isa = PBXContainerItemProxy;
			containerPortal = A4357F7627D78EBF0014F247 /* Project object */;
			proxyType = 1;
			remoteGlobalIDString = A4357F7D27D78EBF0014F247;
			remoteInfo = testActor;
		};
/* End PBXContainerItemProxy section */

/* Begin PBXFileReference section */
		A4357F7E27D78EBF0014F247 /* testActor.app */ = {isa = PBXFileReference; explicitFileType = wrapper.application; includeInIndex = 0; path = testActor.app; sourceTree = BUILT_PRODUCTS_DIR; };
		A4357F8127D78EBF0014F247 /* testActorApp.swift */ = {isa = PBXFileReference; lastKnownFileType = sourcecode.swift; path = testActorApp.swift; sourceTree = "<group>"; };
		A4357F8327D78EBF0014F247 /* ContentView.swift */ = {isa = PBXFileReference; lastKnownFileType = sourcecode.swift; path = ContentView.swift; sourceTree = "<group>"; };
		A4357F8527D78EBF0014F247 /* Assets.xcassets */ = {isa = PBXFileReference; lastKnownFileType = folder.assetcatalog; path = Assets.xcassets; sourceTree = "<group>"; };
		A4357F8827D78EBF0014F247 /* Preview Assets.xcassets */ = {isa = PBXFileReference; lastKnownFileType = folder.assetcatalog; path = "Preview Assets.xcassets"; sourceTree = "<group>"; };
		A4357F8E27D78EBF0014F247 /* testActorTests.xctest */ = {isa = PBXFileReference; explicitFileType = wrapper.cfbundle; includeInIndex = 0; path = testActorTests.xctest; sourceTree = BUILT_PRODUCTS_DIR; };
		A4357F9227D78EBF0014F247 /* testActorTests.swift */ = {isa = PBXFileReference; lastKnownFileType = sourcecode.swift; path = testActorTests.swift; sourceTree = "<group>"; };
		A4357F9827D78EBF0014F247 /* testActorUITests.xctest */ = {isa = PBXFileReference; explicitFileType = wrapper.cfbundle; includeInIndex = 0; path = testActorUITests.xctest; sourceTree = BUILT_PRODUCTS_DIR; };
		A4357F9C27D78EBF0014F247 /* testActorUITests.swift */ = {isa = PBXFileReference; lastKnownFileType = sourcecode.swift; path = testActorUITests.swift; sourceTree = "<group>"; };
		A4357F9E27D78EBF0014F247 /* testActorUITestsLaunchTests.swift */ = {isa = PBXFileReference; lastKnownFileType = sourcecode.swift; path = testActorUITestsLaunchTests.swift; sourceTree = "<group>"; };
		A4357FAB27D7942C0014F247 /* ViewModel.swift */ = {isa = PBXFileReference; lastKnownFileType = sourcecode.swift; path = ViewModel.swift; sourceTree = "<group>"; };
/* End PBXFileReference section */

/* Begin PBXFrameworksBuildPhase section */
		A4357F7B27D78EBF0014F247 /* Frameworks */ = {
			isa = PBXFrameworksBuildPhase;
			buildActionMask = 2147483647;
			files = (
			);
			runOnlyForDeploymentPostprocessing = 0;
		};
		A4357F8B27D78EBF0014F247 /* Frameworks */ = {
			isa = PBXFrameworksBuildPhase;
			buildActionMask = 2147483647;
			files = (
			);
			runOnlyForDeploymentPostprocessing = 0;
		};
		A4357F9527D78EBF0014F247 /* Frameworks */ = {
			isa = PBXFrameworksBuildPhase;
			buildActionMask = 2147483647;
			files = (
			);
			runOnlyForDeploymentPostprocessing = 0;
		};
/* End PBXFrameworksBuildPhase section */

/* Begin PBXGroup section */
		A4357F7527D78EBF0014F247 = {
			isa = PBXGroup;
			children = (
				A4357F8027D78EBF0014F247 /* testActor */,
				A4357F9127D78EBF0014F247 /* testActorTests */,
				A4357F9B27D78EBF0014F247 /* testActorUITests */,
				A4357F7F27D78EBF0014F247 /* Products */,
			);
			sourceTree = "<group>";
		};
		A4357F7F27D78EBF0014F247 /* Products */ = {
			isa = PBXGroup;
			children = (
				A4357F7E27D78EBF0014F247 /* testActor.app */,
				A4357F8E27D78EBF0014F247 /* testActorTests.xctest */,
				A4357F9827D78EBF0014F247 /* testActorUITests.xctest */,
			);
			name = Products;
			sourceTree = "<group>";
		};
		A4357F8027D78EBF0014F247 /* testActor */ = {
			isa = PBXGroup;
			children = (
				A4357F8127D78EBF0014F247 /* testActorApp.swift */,
				A4357F8327D78EBF0014F247 /* ContentView.swift */,
				A4357F8527D78EBF0014F247 /* Assets.xcassets */,
				A4357F8727D78EBF0014F247 /* Preview Content */,
				A4357FAB27D7942C0014F247 /* ViewModel.swift */,
			);
			path = testActor;
			sourceTree = "<group>";
		};
		A4357F8727D78EBF0014F247 /* Preview Content */ = {
			isa = PBXGroup;
			children = (
				A4357F8827D78EBF0014F247 /* Preview Assets.xcassets */,
			);
			path = "Preview Content";
			sourceTree = "<group>";
		};
		A4357F9127D78EBF0014F247 /* testActorTests */ = {
			isa = PBXGroup;
			children = (
				A4357F9227D78EBF0014F247 /* testActorTests.swift */,
			);
			path = testActorTests;
			sourceTree = "<group>";
		};
		A4357F9B27D78EBF0014F247 /* testActorUITests */ = {
			isa = PBXGroup;
			children = (
				A4357F9C27D78EBF0014F247 /* testActorUITests.swift */,
				A4357F9E27D78EBF0014F247 /* testActorUITestsLaunchTests.swift */,
			);
			path = testActorUITests;
			sourceTree = "<group>";
		};
/* End PBXGroup section */

/* Begin PBXNativeTarget section */
		A4357F7D27D78EBF0014F247 /* testActor */ = {
			isa = PBXNativeTarget;
			buildConfigurationList = A4357FA227D78EBF0014F247 /* Build configuration list for PBXNativeTarget "testActor" */;
			buildPhases = (
				A4357F7A27D78EBF0014F247 /* Sources */,
				A4357F7B27D78EBF0014F247 /* Frameworks */,
				A4357F7C27D78EBF0014F247 /* Resources */,
			);
			buildRules = (
			);
			dependencies = (
			);
			name = testActor;
			productName = testActor;
			productReference = A4357F7E27D78EBF0014F247 /* testActor.app */;
			productType = "com.apple.product-type.application";
		};
		A4357F8D27D78EBF0014F247 /* testActorTests */ = {
			isa = PBXNativeTarget;
			buildConfigurationList = A4357FA527D78EBF0014F247 /* Build configuration list for PBXNativeTarget "testActorTests" */;
			buildPhases = (
				A4357F8A27D78EBF0014F247 /* Sources */,
				A4357F8B27D78EBF0014F247 /* Frameworks */,
				A4357F8C27D78EBF0014F247 /* Resources */,
			);
			buildRules = (
			);
			dependencies = (
				A4357F9027D78EBF0014F247 /* PBXTargetDependency */,
			);
			name = testActorTests;
			productName = testActorTests;
			productReference = A4357F8E27D78EBF0014F247 /* testActorTests.xctest */;
			productType = "com.apple.product-type.bundle.unit-test";
		};
		A4357F9727D78EBF0014F247 /* testActorUITests */ = {
			isa = PBXNativeTarget;
			buildConfigurationList = A4357FA827D78EBF0014F247 /* Build configuration list for PBXNativeTarget "testActorUITests" */;
			buildPhases = (
				A4357F9427D78EBF0014F247 /* Sources */,
				A4357F9527D78EBF0014F247 /* Frameworks */,
				A4357F9627D78EBF0014F247 /* Resources */,
			);
			buildRules = (
			);
			dependencies = (
				A4357F9A27D78EBF0014F247 /* PBXTargetDependency */,
			);
			name = testActorUITests;
			productName = testActorUITests;
			productReference = A4357F9827D78EBF0014F247 /* testActorUITests.xctest */;
			productType = "com.apple.product-type.bundle.ui-testing";
		};
/* End PBXNativeTarget section */

/* Begin PBXProject section */
		A4357F7627D78EBF0014F247 /* Project object */ = {
			isa = PBXProject;
			attributes = {
				BuildIndependentTargetsInParallel = 1;
				LastSwiftUpdateCheck = 1320;
				LastUpgradeCheck = 1320;
				TargetAttributes = {
					A4357F7D27D78EBF0014F247 = {
						CreatedOnToolsVersion = 13.2.1;
					};
					A4357F8D27D78EBF0014F247 = {
						CreatedOnToolsVersion = 13.2.1;
						TestTargetID = A4357F7D27D78EBF0014F247;
					};
					A4357F9727D78EBF0014F247 = {
						CreatedOnToolsVersion = 13.2.1;
						TestTargetID = A4357F7D27D78EBF0014F247;
					};
				};
			};
			buildConfigurationList = A4357F7927D78EBF0014F247 /* Build configuration list for PBXProject "testActor" */;
			compatibilityVersion = "Xcode 13.0";
			developmentRegion = en;
			hasScannedForEncodings = 0;
			knownRegions = (
				en,
				Base,
			);
			mainGroup = A4357F7527D78EBF0014F247;
			productRefGroup = A4357F7F27D78EBF0014F247 /* Products */;
			projectDirPath = "";
			projectRoot = "";
			targets = (
				A4357F7D27D78EBF0014F247 /* testActor */,
				A4357F8D27D78EBF0014F247 /* testActorTests */,
				A4357F9727D78EBF0014F247 /* testActorUITests */,
			);
		};
/* End PBXProject section */

/* Begin PBXResourcesBuildPhase section */
		A4357F7C27D78EBF0014F247 /* Resources */ = {
			isa = PBXResourcesBuildPhase;
			buildActionMask = 2147483647;
			files = (
				A4357F8927D78EBF0014F247 /* Preview Assets.xcassets in Resources */,
				A4357F8627D78EBF0014F247 /* Assets.xcassets in Resources */,
			);
			runOnlyForDeploymentPostprocessing = 0;
		};
		A4357F8C27D78EBF0014F247 /* Resources */ = {
			isa = PBXResourcesBuildPhase;
			buildActionMask = 2147483647;
			files = (
			);
			runOnlyForDeploymentPostprocessing = 0;
		};
		A4357F9627D78EBF0014F247 /* Resources */ = {
			isa = PBXResourcesBuildPhase;
			buildActionMask = 2147483647;
			files = (
			);
			runOnlyForDeploymentPostprocessing = 0;
		};
/* End PBXResourcesBuildPhase section */

/* Begin PBXSourcesBuildPhase section */
		A4357F7A27D78EBF0014F247 /* Sources */ = {
			isa = PBXSourcesBuildPhase;
			buildActionMask = 2147483647;
			files = (
				A4357F8427D78EBF0014F247 /* ContentView.swift in Sources */,
				A4357FAC27D7942C0014F247 /* ViewModel.swift in Sources */,
				A4357F8227D78EBF0014F247 /* testActorApp.swift in Sources */,
			);
			runOnlyForDeploymentPostprocessing = 0;
		};
		A4357F8A27D78EBF0014F247 /* Sources */ = {
			isa = PBXSourcesBuildPhase;
			buildActionMask = 2147483647;
			files = (
				A4357F9327D78EBF0014F247 /* testActorTests.swift in Sources */,
			);
			runOnlyForDeploymentPostprocessing = 0;
		};
		A4357F9427D78EBF0014F247 /* Sources */ = {
			isa = PBXSourcesBuildPhase;
			buildActionMask = 2147483647;
			files = (
				A4357F9F27D78EBF0014F247 /* testActorUITestsLaunchTests.swift in Sources */,
				A4357F9D27D78EBF0014F247 /* testActorUITests.swift in Sources */,
			);
			runOnlyForDeploymentPostprocessing = 0;
		};
/* End PBXSourcesBuildPhase section */

/* Begin PBXTargetDependency section */
		A4357F9027D78EBF0014F247 /* PBXTargetDependency */ = {
			isa = PBXTargetDependency;
			target = A4357F7D27D78EBF0014F247 /* testActor */;
			targetProxy = A4357F8F27D78EBF0014F247 /* PBXContainerItemProxy */;
		};
		A4357F9A27D78EBF0014F247 /* PBXTargetDependency */ = {
			isa = PBXTargetDependency;
			target = A4357F7D27D78EBF0014F247 /* testActor */;
			targetProxy = A4357F9927D78EBF0014F247 /* PBXContainerItemProxy */;
		};
/* End PBXTargetDependency section */

/* Begin XCBuildConfiguration section */
		A4357FA027D78EBF0014F247 /* Debug */ = {
			isa = XCBuildConfiguration;
			buildSettings = {
				ALWAYS_SEARCH_USER_PATHS = NO;
				CLANG_ANALYZER_NONNULL = YES;
				CLANG_ANALYZER_NUMBER_OBJECT_CONVERSION = YES_AGGRESSIVE;
				CLANG_CXX_LANGUAGE_STANDARD = "gnu++17";
				CLANG_CXX_LIBRARY = "libc++";
				CLANG_ENABLE_MODULES = YES;
				CLANG_ENABLE_OBJC_ARC = YES;
				CLANG_ENABLE_OBJC_WEAK = YES;
				CLANG_WARN_BLOCK_CAPTURE_AUTORELEASING = YES;
				CLANG_WARN_BOOL_CONVERSION = YES;
				CLANG_WARN_COMMA = YES;
				CLANG_WARN_CONSTANT_CONVERSION = YES;
				CLANG_WARN_DEPRECATED_OBJC_IMPLEMENTATIONS = YES;
				CLANG_WARN_DIRECT_OBJC_ISA_USAGE = YES_ERROR;
				CLANG_WARN_DOCUMENTATION_COMMENTS = YES;
				CLANG_WARN_EMPTY_BODY = YES;
				CLANG_WARN_ENUM_CONVERSION = YES;
				CLANG_WARN_INFINITE_RECURSION = YES;
				CLANG_WARN_INT_CONVERSION = YES;
				CLANG_WARN_NON_LITERAL_NULL_CONVERSION = YES;
				CLANG_WARN_OBJC_IMPLICIT_RETAIN_SELF = YES;
				CLANG_WARN_OBJC_LITERAL_CONVERSION = YES;
				CLANG_WARN_OBJC_ROOT_CLASS = YES_ERROR;
				CLANG_WARN_QUOTED_INCLUDE_IN_FRAMEWORK_HEADER = YES;
				CLANG_WARN_RANGE_LOOP_ANALYSIS = YES;
				CLANG_WARN_STRICT_PROTOTYPES = YES;
				CLANG_WARN_SUSPICIOUS_MOVE = YES;
				CLANG_WARN_UNGUARDED_AVAILABILITY = YES_AGGRESSIVE;
				CLANG_WARN_UNREACHABLE_CODE = YES;
				CLANG_WARN__DUPLICATE_METHOD_MATCH = YES;
				COPY_PHASE_STRIP = NO;
				DEBUG_INFORMATION_FORMAT = dwarf;
				ENABLE_STRICT_OBJC_MSGSEND = YES;
				ENABLE_TESTABILITY = YES;
				GCC_C_LANGUAGE_STANDARD = gnu11;
				GCC_DYNAMIC_NO_PIC = NO;
				GCC_NO_COMMON_BLOCKS = YES;
				GCC_OPTIMIZATION_LEVEL = 0;
				GCC_PREPROCESSOR_DEFINITIONS = (
					"DEBUG=1",
					"$(inherited)",
				);
				GCC_WARN_64_TO_32_BIT_CONVERSION = YES;
				GCC_WARN_ABOUT_RETURN_TYPE = YES_ERROR;
				GCC_WARN_UNDECLARED_SELECTOR = YES;
				GCC_WARN_UNINITIALIZED_AUTOS = YES_AGGRESSIVE;
				GCC_WARN_UNUSED_FUNCTION = YES;
				GCC_WARN_UNUSED_VARIABLE = YES;
				IPHONEOS_DEPLOYMENT_TARGET = 15.2;
				MTL_ENABLE_DEBUG_INFO = INCLUDE_SOURCE;
				MTL_FAST_MATH = YES;
				ONLY_ACTIVE_ARCH = YES;
				SDKROOT = iphoneos;
				SWIFT_ACTIVE_COMPILATION_CONDITIONS = DEBUG;
				SWIFT_OPTIMIZATION_LEVEL = "-Onone";
			};
			name = Debug;
		};
		A4357FA127D78EBF0014F247 /* Release */ = {
			isa = XCBuildConfiguration;
			buildSettings = {
				ALWAYS_SEARCH_USER_PATHS = NO;
				CLANG_ANALYZER_NONNULL = YES;
				CLANG_ANALYZER_NUMBER_OBJECT_CONVERSION = YES_AGGRESSIVE;
				CLANG_CXX_LANGUAGE_STANDARD = "gnu++17";
				CLANG_CXX_LIBRARY = "libc++";
				CLANG_ENABLE_MODULES = YES;
				CLANG_ENABLE_OBJC_ARC = YES;
				CLANG_ENABLE_OBJC_WEAK = YES;
				CLANG_WARN_BLOCK_CAPTURE_AUTORELEASING = YES;
				CLANG_WARN_BOOL_CONVERSION = YES;
				CLANG_WARN_COMMA = YES;
				CLANG_WARN_CONSTANT_CONVERSION = YES;
				CLANG_WARN_DEPRECATED_OBJC_IMPLEMENTATIONS = YES;
				CLANG_WARN_DIRECT_OBJC_ISA_USAGE = YES_ERROR;
				CLANG_WARN_DOCUMENTATION_COMMENTS = YES;
				CLANG_WARN_EMPTY_BODY = YES;
				CLANG_WARN_ENUM_CONVERSION = YES;
				CLANG_WARN_INFINITE_RECURSION = YES;
				CLANG_WARN_INT_CONVERSION = YES;
				CLANG_WARN_NON_LITERAL_NULL_CONVERSION = YES;
				CLANG_WARN_OBJC_IMPLICIT_RETAIN_SELF = YES;
				CLANG_WARN_OBJC_LITERAL_CONVERSION = YES;
				CLANG_WARN_OBJC_ROOT_CLASS = YES_ERROR;
				CLANG_WARN_QUOTED_INCLUDE_IN_FRAMEWORK_HEADER = YES;
				CLANG_WARN_RANGE_LOOP_ANALYSIS = YES;
				CLANG_WARN_STRICT_PROTOTYPES = YES;
				CLANG_WARN_SUSPICIOUS_MOVE = YES;
				CLANG_WARN_UNGUARDED_AVAILABILITY = YES_AGGRESSIVE;
				CLANG_WARN_UNREACHABLE_CODE = YES;
				CLANG_WARN__DUPLICATE_METHOD_MATCH = YES;
				COPY_PHASE_STRIP = NO;
				DEBUG_INFORMATION_FORMAT = "dwarf-with-dsym";
				ENABLE_NS_ASSERTIONS = NO;
				ENABLE_STRICT_OBJC_MSGSEND = YES;
				GCC_C_LANGUAGE_STANDARD = gnu11;
				GCC_NO_COMMON_BLOCKS = YES;
				GCC_WARN_64_TO_32_BIT_CONVERSION = YES;
				GCC_WARN_ABOUT_RETURN_TYPE = YES_ERROR;
				GCC_WARN_UNDECLARED_SELECTOR = YES;
				GCC_WARN_UNINITIALIZED_AUTOS = YES_AGGRESSIVE;
				GCC_WARN_UNUSED_FUNCTION = YES;
				GCC_WARN_UNUSED_VARIABLE = YES;
				IPHONEOS_DEPLOYMENT_TARGET = 15.2;
				MTL_ENABLE_DEBUG_INFO = NO;
				MTL_FAST_MATH = YES;
				SDKROOT = iphoneos;
				SWIFT_COMPILATION_MODE = wholemodule;
				SWIFT_OPTIMIZATION_LEVEL = "-O";
				VALIDATE_PRODUCT = YES;
			};
			name = Release;
		};
		A4357FA327D78EBF0014F247 /* Debug */ = {
			isa = XCBuildConfiguration;
			buildSettings = {
				ASSETCATALOG_COMPILER_APPICON_NAME = AppIcon;
				ASSETCATALOG_COMPILER_GLOBAL_ACCENT_COLOR_NAME = AccentColor;
				CODE_SIGN_STYLE = Automatic;
				CURRENT_PROJECT_VERSION = 1;
				DEVELOPMENT_ASSET_PATHS = "\"testActor/Preview Content\"";
				DEVELOPMENT_TEAM = 8S589C7SU7;
				ENABLE_PREVIEWS = YES;
				GENERATE_INFOPLIST_FILE = YES;
				INFOPLIST_KEY_UIApplicationSceneManifest_Generation = YES;
				INFOPLIST_KEY_UIApplicationSupportsIndirectInputEvents = YES;
				INFOPLIST_KEY_UILaunchScreen_Generation = YES;
				INFOPLIST_KEY_UISupportedInterfaceOrientations_iPad = "UIInterfaceOrientationPortrait UIInterfaceOrientationPortraitUpsideDown UIInterfaceOrientationLandscapeLeft UIInterfaceOrientationLandscapeRight";
				INFOPLIST_KEY_UISupportedInterfaceOrientations_iPhone = "UIInterfaceOrientationPortrait UIInterfaceOrientationLandscapeLeft UIInterfaceOrientationLandscapeRight";
				LD_RUNPATH_SEARCH_PATHS = (
					"$(inherited)",
					"@executable_path/Frameworks",
				);
				MARKETING_VERSION = 1.0;
				PRODUCT_BUNDLE_IDENTIFIER = org.koga.testActor;
				PRODUCT_NAME = "$(TARGET_NAME)";
				SWIFT_EMIT_LOC_STRINGS = YES;
				SWIFT_VERSION = 5.0;
				TARGETED_DEVICE_FAMILY = "1,2";
			};
			name = Debug;
		};
		A4357FA427D78EBF0014F247 /* Release */ = {
			isa = XCBuildConfiguration;
			buildSettings = {
				ASSETCATALOG_COMPILER_APPICON_NAME = AppIcon;
				ASSETCATALOG_COMPILER_GLOBAL_ACCENT_COLOR_NAME = AccentColor;
				CODE_SIGN_STYLE = Automatic;
				CURRENT_PROJECT_VERSION = 1;
				DEVELOPMENT_ASSET_PATHS = "\"testActor/Preview Content\"";
				DEVELOPMENT_TEAM = 8S589C7SU7;
				ENABLE_PREVIEWS = YES;
				GENERATE_INFOPLIST_FILE = YES;
				INFOPLIST_KEY_UIApplicationSceneManifest_Generation = YES;
				INFOPLIST_KEY_UIApplicationSupportsIndirectInputEvents = YES;
				INFOPLIST_KEY_UILaunchScreen_Generation = YES;
				INFOPLIST_KEY_UISupportedInterfaceOrientations_iPad = "UIInterfaceOrientationPortrait UIInterfaceOrientationPortraitUpsideDown UIInterfaceOrientationLandscapeLeft UIInterfaceOrientationLandscapeRight";
				INFOPLIST_KEY_UISupportedInterfaceOrientations_iPhone = "UIInterfaceOrientationPortrait UIInterfaceOrientationLandscapeLeft UIInterfaceOrientationLandscapeRight";
				LD_RUNPATH_SEARCH_PATHS = (
					"$(inherited)",
					"@executable_path/Frameworks",
				);
				MARKETING_VERSION = 1.0;
				PRODUCT_BUNDLE_IDENTIFIER = org.koga.testActor;
				PRODUCT_NAME = "$(TARGET_NAME)";
				SWIFT_EMIT_LOC_STRINGS = YES;
				SWIFT_VERSION = 5.0;
				TARGETED_DEVICE_FAMILY = "1,2";
			};
			name = Release;
		};
		A4357FA627D78EBF0014F247 /* Debug */ = {
			isa = XCBuildConfiguration;
			buildSettings = {
				ALWAYS_EMBED_SWIFT_STANDARD_LIBRARIES = YES;
				BUNDLE_LOADER = "$(TEST_HOST)";
				CODE_SIGN_STYLE = Automatic;
				CURRENT_PROJECT_VERSION = 1;
				DEVELOPMENT_TEAM = 8S589C7SU7;
				GENERATE_INFOPLIST_FILE = YES;
				IPHONEOS_DEPLOYMENT_TARGET = 15.2;
				MARKETING_VERSION = 1.0;
				PRODUCT_BUNDLE_IDENTIFIER = org.koga.testActorTests;
				PRODUCT_NAME = "$(TARGET_NAME)";
				SWIFT_EMIT_LOC_STRINGS = NO;
				SWIFT_VERSION = 5.0;
				TARGETED_DEVICE_FAMILY = "1,2";
				TEST_HOST = "$(BUILT_PRODUCTS_DIR)/testActor.app/testActor";
			};
			name = Debug;
		};
		A4357FA727D78EBF0014F247 /* Release */ = {
			isa = XCBuildConfiguration;
			buildSettings = {
				ALWAYS_EMBED_SWIFT_STANDARD_LIBRARIES = YES;
				BUNDLE_LOADER = "$(TEST_HOST)";
				CODE_SIGN_STYLE = Automatic;
				CURRENT_PROJECT_VERSION = 1;
				DEVELOPMENT_TEAM = 8S589C7SU7;
				GENERATE_INFOPLIST_FILE = YES;
				IPHONEOS_DEPLOYMENT_TARGET = 15.2;
				MARKETING_VERSION = 1.0;
				PRODUCT_BUNDLE_IDENTIFIER = org.koga.testActorTests;
				PRODUCT_NAME = "$(TARGET_NAME)";
				SWIFT_EMIT_LOC_STRINGS = NO;
				SWIFT_VERSION = 5.0;
				TARGETED_DEVICE_FAMILY = "1,2";
				TEST_HOST = "$(BUILT_PRODUCTS_DIR)/testActor.app/testActor";
			};
			name = Release;
		};
		A4357FA927D78EBF0014F247 /* Debug */ = {
			isa = XCBuildConfiguration;
			buildSettings = {
				ALWAYS_EMBED_SWIFT_STANDARD_LIBRARIES = YES;
				CODE_SIGN_STYLE = Automatic;
				CURRENT_PROJECT_VERSION = 1;
				DEVELOPMENT_TEAM = 8S589C7SU7;
				GENERATE_INFOPLIST_FILE = YES;
				MARKETING_VERSION = 1.0;
				PRODUCT_BUNDLE_IDENTIFIER = org.koga.testActorUITests;
				PRODUCT_NAME = "$(TARGET_NAME)";
				SWIFT_EMIT_LOC_STRINGS = NO;
				SWIFT_VERSION = 5.0;
				TARGETED_DEVICE_FAMILY = "1,2";
				TEST_TARGET_NAME = testActor;
			};
			name = Debug;
		};
		A4357FAA27D78EBF0014F247 /* Release */ = {
			isa = XCBuildConfiguration;
			buildSettings = {
				ALWAYS_EMBED_SWIFT_STANDARD_LIBRARIES = YES;
				CODE_SIGN_STYLE = Automatic;
				CURRENT_PROJECT_VERSION = 1;
				DEVELOPMENT_TEAM = 8S589C7SU7;
				GENERATE_INFOPLIST_FILE = YES;
				MARKETING_VERSION = 1.0;
				PRODUCT_BUNDLE_IDENTIFIER = org.koga.testActorUITests;
				PRODUCT_NAME = "$(TARGET_NAME)";
				SWIFT_EMIT_LOC_STRINGS = NO;
				SWIFT_VERSION = 5.0;
				TARGETED_DEVICE_FAMILY = "1,2";
				TEST_TARGET_NAME = testActor;
			};
			name = Release;
		};
/* End XCBuildConfiguration section */

/* Begin XCConfigurationList section */
		A4357F7927D78EBF0014F247 /* Build configuration list for PBXProject "testActor" */ = {
			isa = XCConfigurationList;
			buildConfigurations = (
				A4357FA027D78EBF0014F247 /* Debug */,
				A4357FA127D78EBF0014F247 /* Release */,
			);
			defaultConfigurationIsVisible = 0;
			defaultConfigurationName = Release;
		};
		A4357FA227D78EBF0014F247 /* Build configuration list for PBXNativeTarget "testActor" */ = {
			isa = XCConfigurationList;
			buildConfigurations = (
				A4357FA327D78EBF0014F247 /* Debug */,
				A4357FA427D78EBF0014F247 /* Release */,
			);
			defaultConfigurationIsVisible = 0;
			defaultConfigurationName = Release;
		};
		A4357FA527D78EBF0014F247 /* Build configuration list for PBXNativeTarget "testActorTests" */ = {
			isa = XCConfigurationList;
			buildConfigurations = (
				A4357FA627D78EBF0014F247 /* Debug */,
				A4357FA727D78EBF0014F247 /* Release */,
			);
			defaultConfigurationIsVisible = 0;
			defaultConfigurationName = Release;
		};
		A4357FA827D78EBF0014F247 /* Build configuration list for PBXNativeTarget "testActorUITests" */ = {
			isa = XCConfigurationList;
			buildConfigurations = (
				A4357FA927D78EBF0014F247 /* Debug */,
				A4357FAA27D78EBF0014F247 /* Release */,
			);
			defaultConfigurationIsVisible = 0;
			defaultConfigurationName = Release;
		};
/* End XCConfigurationList section */
	};
	rootObject = A4357F7627D78EBF0014F247 /* Project object */;
}
